
Microsoft Visual Studio Solution File, Format Version 12.00
# Visual Studio Version 16
VisualStudioVersion = 16.0.31729.503
MinimumVisualStudioVersion = 10.0.40219.1
Project("{2150E333-8FDC-42A3-9474-1A3956D46DE8}") = "src", "src", "{F73F1C63-EABC-451E-8D33-05E36839913E}"
EndProject
Project("{9A19103F-16F7-4668-BE54-9A1E7A4F7556}") = "Filmes.Rest.Api.Net5", "Filmes.Rest.Api.Net5.csproj", "{C7DDA99A-3E41-4B97-814D-40B5A352E035}"
EndProject
Project("{2150E333-8FDC-42A3-9474-1A3956D46DE8}") = "tests", "tests", "{9F032AB0-8B24-4717-A67D-D83A593B2991}"
EndProject
Project("{9A19103F-16F7-4668-BE54-9A1E7A4F7556}") = "Filmes.Rest.Api.Net5.Tests", "..\tests\Filmes.Rest.Api.Net5.Tests\Filmes.Rest.Api.Net5.Tests.csproj", "{9BD63785-1147-496D-920D-5AF4D9A956A3}"
EndProject
Project("{FAE04EC0-301F-11D3-BF4B-00C04F79EFBC}") = "UsuariosApi", "..\UsuariosApi\UsuariosApi.csproj", "{0661170D-243B-4187-89C0-9A4F1360D661}"
EndProject
Global
	GlobalSection(SolutionConfigurationPlatforms) = preSolution
		Debug|Any CPU = Debug|Any CPU
		Release|Any CPU = Release|Any CPU
	EndGlobalSection
	GlobalSection(ProjectConfigurationPlatforms) = postSolution
		{C7DDA99A-3E41-4B97-814D-40B5A352E035}.Debug|Any CPU.ActiveCfg = Debug|Any CPU
		{C7DDA99A-3E41-4B97-814D-40B5A352E035}.Debug|Any CPU.Build.0 = Debug|Any CPU
		{C7DDA99A-3E41-4B97-814D-40B5A352E035}.Release|Any CPU.ActiveCfg = Release|Any CPU
		{C7DDA99A-3E41-4B97-814D-40B5A352E035}.Release|Any CPU.Build.0 = Release|Any CPU
		{9BD63785-1147-496D-920D-5AF4D9A956A3}.Debug|Any CPU.ActiveCfg = Debug|Any CPU
		{9BD63785-1147-496D-920D-5AF4D9A956A3}.Debug|Any CPU.Build.0 = Debug|Any CPU
		{9BD63785-1147-496D-920D-5AF4D9A956A3}.Release|Any CPU.ActiveCfg = Release|Any CPU
		{9BD63785-1147-496D-920D-5AF4D9A956A3}.Release|Any CPU.Build.0 = Release|Any CPU
		{0661170D-243B-4187-89C0-9A4F1360D661}.Debug|Any CPU.ActiveCfg = Debug|Any CPU
		{0661170D-243B-4187-89C0-9A4F1360D661}.Debug|Any CPU.Build.0 = Debug|Any CPU
		{0661170D-243B-4187-89C0-9A4F1360D661}.Release|Any CPU.ActiveCfg = Release|Any CPU
		{0661170D-243B-4187-89C0-9A4F1360D661}.Release|Any CPU.Build.0 = Release|Any CPU
	EndGlobalSection
	GlobalSection(SolutionProperties) = preSolution
		HideSolutionNode = FALSE
	EndGlobalSection
	GlobalSection(NestedProjects) = preSolution
		{C7DDA99A-3E41-4B97-814D-40B5A352E035} = {F73F1C63-EABC-451E-8D33-05E36839913E}
		{9BD63785-1147-496D-920D-5AF4D9A956A3} = {9F032AB0-8B24-4717-A67D-D83A593B2991}
		{0661170D-243B-4187-89C0-9A4F1360D661} = {F73F1C63-EABC-451E-8D33-05E36839913E}
	EndGlobalSection
	GlobalSection(ExtensibilityGlobals) = postSolution
		SolutionGuid = {6EF1EE16-15C5-4D1A-A416-DA0AAE68EF65}
	EndGlobalSection
EndGlobal
